
Microsoft Visual Studio Solution File, Format Version 12.00
# Visual Studio Version 16
VisualStudioVersion = 16.0.31129.286
MinimumVisualStudioVersion = 10.0.40219.1
Project("{9A19103F-16F7-4668-BE54-9A1E7A4F7556}") = "InheritancePolymorphism", "InheritancePolymorphism\InheritancePolymorphism.csproj", "{A2849C80-01C8-4993-8FB5-FA44C1856F2B}"
EndProject
Project("{FAE04EC0-301F-11D3-BF4B-00C04F79EFBC}") = "Animal", "Animal\Animal.csproj", "{56DCDEAD-81E4-45AE-B3BD-AE9E9CA21CBC}"
EndProject
Global
	GlobalSection(SolutionConfigurationPlatforms) = preSolution
		Debug|Any CPU = Debug|Any CPU
		Release|Any CPU = Release|Any CPU
	EndGlobalSection
	GlobalSection(ProjectConfigurationPlatforms) = postSolution
		{A2849C80-01C8-4993-8FB5-FA44C1856F2B}.Debug|Any CPU.ActiveCfg = Debug|Any CPU
		{A2849C80-01C8-4993-8FB5-FA44C1856F2B}.Debug|Any CPU.Build.0 = Debug|Any CPU
		{A2849C80-01C8-4993-8FB5-FA44C1856F2B}.Release|Any CPU.ActiveCfg = Release|Any CPU
		{A2849C80-01C8-4993-8FB5-FA44C1856F2B}.Release|Any CPU.Build.0 = Release|Any CPU
		{56DCDEAD-81E4-45AE-B3BD-AE9E9CA21CBC}.Debug|Any CPU.ActiveCfg = Debug|Any CPU
		{56DCDEAD-81E4-45AE-B3BD-AE9E9CA21CBC}.Debug|Any CPU.Build.0 = Debug|Any CPU
		{56DCDEAD-81E4-45AE-B3BD-AE9E9CA21CBC}.Release|Any CPU.ActiveCfg = Release|Any CPU
		{56DCDEAD-81E4-45AE-B3BD-AE9E9CA21CBC}.Release|Any CPU.Build.0 = Release|Any CPU
	EndGlobalSection
	GlobalSection(SolutionProperties) = preSolution
		HideSolutionNode = FALSE
	EndGlobalSection
	GlobalSection(ExtensibilityGlobals) = postSolution
		SolutionGuid = {0F3B09D4-E5D7-4A4E-BC4A-CF868D3A3A1D}
	EndGlobalSection
EndGlobal
